{
  "name": "macinodds-cypress",
  "version": "1.0.0",
  "lockfileVersion": 1,
  "requires": true,
  "dependencies": {
    "cypress-file-upload": {
      "version": "3.1.4",
      "resolved": "https://registry.npmjs.org/cypress-file-upload/-/cypress-file-upload-3.1.4.tgz",
      "integrity": "sha512-4aZeJOYFhYiP+nk9Mo5YHWqComsT24J9OBQVJzvkEzw7g1v2ogGe7nLT/U7Fsm/Xjl1Tyxsc0xxECa254WfQqg==",
      "dev": true
    }
  }
}
